
Microsoft Visual Studio Solution File, Format Version 12.00
# Visual Studio 15
Project("{FAE04EC0-301F-11D3-BF4B-00C04F79EFBC}") = "UnityEngine.TestRunner", "UnityEngine.TestRunner.csproj", "{50407B49-47B3-EFCE-0ABC-C83B47D45668}"
EndProject
Project("{FAE04EC0-301F-11D3-BF4B-00C04F79EFBC}") = "Unity.Barracuda", "Unity.Barracuda.csproj", "{596869CA-3C5D-0487-F084-2481430F0C80}"
EndProject
Project("{FAE04EC0-301F-11D3-BF4B-00C04F79EFBC}") = "Unity.TextMeshPro", "Unity.TextMeshPro.csproj", "{59D2485E-1595-C934-8959-00D2809F5A91}"
EndProject
Project("{FAE04EC0-301F-11D3-BF4B-00C04F79EFBC}") = "Unity.Timeline", "Unity.Timeline.csproj", "{3BBA5E20-2A68-E78A-A5F8-3554D5247FDC}"
EndProject
Project("{FAE04EC0-301F-11D3-BF4B-00C04F79EFBC}") = "Unity.Mathematics", "Unity.Mathematics.csproj", "{E449F228-153D-AE20-8B67-92106A88F35B}"
EndProject
Project("{FAE04EC0-301F-11D3-BF4B-00C04F79EFBC}") = "Unity.Burst", "Unity.Burst.csproj", "{0C7D7BE8-2343-884C-97F8-C4EE81354315}"
EndProject
Project("{FAE04EC0-301F-11D3-BF4B-00C04F79EFBC}") = "Unity.ML-Agents", "Unity.ML-Agents.csproj", "{F201E49A-5BFF-FB3B-675C-12A431BA6869}"
EndProject
Project("{FAE04EC0-301F-11D3-BF4B-00C04F79EFBC}") = "Assembly-CSharp", "Assembly-CSharp.csproj", "{EB5A62C4-67A4-EC9C-7B78-6C86AD98F6F5}"
EndProject
Project("{FAE04EC0-301F-11D3-BF4B-00C04F79EFBC}") = "Unity.ML-Agents.CommunicatorObjects", "Unity.ML-Agents.CommunicatorObjects.csproj", "{E1B47D92-8335-068B-8238-DA61357AEFF0}"
EndProject
Project("{FAE04EC0-301F-11D3-BF4B-00C04F79EFBC}") = "Unity.Barracuda.MacBLAS", "Unity.Barracuda.MacBLAS.csproj", "{81B46DD1-DE1A-D275-FA5C-CE7BC2B4047D}"
EndProject
Project("{FAE04EC0-301F-11D3-BF4B-00C04F79EFBC}") = "Unity.Barracuda.BurstBLAS", "Unity.Barracuda.BurstBLAS.csproj", "{7B222A4F-13FE-A6AF-2584-F5F866CB14B0}"
EndProject
Project("{FAE04EC0-301F-11D3-BF4B-00C04F79EFBC}") = "Unity.Barracuda.iOSBLAS", "Unity.Barracuda.iOSBLAS.csproj", "{72C38E7D-F09F-1B9E-6270-4B6FAD4EE270}"
EndProject
Project("{FAE04EC0-301F-11D3-BF4B-00C04F79EFBC}") = "Unity.TextMeshPro.Editor", "Unity.TextMeshPro.Editor.csproj", "{C9632A21-C3CA-2601-B1DC-64C6BB1E1642}"
EndProject
Project("{FAE04EC0-301F-11D3-BF4B-00C04F79EFBC}") = "Unity.Timeline.Editor", "Unity.Timeline.Editor.csproj", "{FFCB9973-B33C-72C0-C409-68BE865975F4}"
EndProject
Project("{FAE04EC0-301F-11D3-BF4B-00C04F79EFBC}") = "Unity.CollabProxy.Editor", "Unity.CollabProxy.Editor.csproj", "{115E8E16-2977-31D8-20C3-AF92647DB9E8}"
EndProject
Project("{FAE04EC0-301F-11D3-BF4B-00C04F79EFBC}") = "UnityEditor.TestRunner", "UnityEditor.TestRunner.csproj", "{E2A4E5AF-518B-168F-0BB9-C5AE41E28ACF}"
EndProject
Project("{FAE04EC0-301F-11D3-BF4B-00C04F79EFBC}") = "Unity.Rider.Editor", "Unity.Rider.Editor.csproj", "{FD500144-92BF-B63C-87D2-2DDBB5E5ECA6}"
EndProject
Project("{FAE04EC0-301F-11D3-BF4B-00C04F79EFBC}") = "Unity.VisualStudio.Editor", "Unity.VisualStudio.Editor.csproj", "{050AC362-6EDB-BA29-E895-4E29B3E2337A}"
EndProject
Project("{FAE04EC0-301F-11D3-BF4B-00C04F79EFBC}") = "Unity.ML-Agents.Editor", "Unity.ML-Agents.Editor.csproj", "{071A7773-7E0B-053A-7EDD-B1FACFBF851A}"
EndProject
Project("{FAE04EC0-301F-11D3-BF4B-00C04F79EFBC}") = "Unity.Barracuda.Editor", "Unity.Barracuda.Editor.csproj", "{887DF4F0-79B8-FB25-1359-1EC70E182382}"
EndProject
Project("{FAE04EC0-301F-11D3-BF4B-00C04F79EFBC}") = "Unity.VSCode.Editor", "Unity.VSCode.Editor.csproj", "{E9DFE4A4-3DBB-425A-A452-5537DCD53B0E}"
EndProject
Project("{FAE04EC0-301F-11D3-BF4B-00C04F79EFBC}") = "Unity.Burst.Editor", "Unity.Burst.Editor.csproj", "{7733E5E9-E4AA-90F2-735A-C8FA8DA91411}"
EndProject
Project("{FAE04EC0-301F-11D3-BF4B-00C04F79EFBC}") = "Unity.Mathematics.Editor", "Unity.Mathematics.Editor.csproj", "{4AFC4279-292B-9750-6A26-A0D88DDC5A68}"
EndProject
Global
	GlobalSection(SolutionConfigurationPlatforms) = preSolution
		Debug|Any CPU = Debug|Any CPU
		Release|Any CPU = Release|Any CPU
	EndGlobalSection
	GlobalSection(ProjectConfigurationPlatforms) = postSolution
		{50407B49-47B3-EFCE-0ABC-C83B47D45668}.Debug|Any CPU.ActiveCfg = Debug|Any CPU
		{50407B49-47B3-EFCE-0ABC-C83B47D45668}.Debug|Any CPU.Build.0 = Debug|Any CPU
		{50407B49-47B3-EFCE-0ABC-C83B47D45668}.Release|Any CPU.ActiveCfg = Release|Any CPU
		{50407B49-47B3-EFCE-0ABC-C83B47D45668}.Release|Any CPU.Build.0 = Release|Any CPU
		{596869CA-3C5D-0487-F084-2481430F0C80}.Debug|Any CPU.ActiveCfg = Debug|Any CPU
		{596869CA-3C5D-0487-F084-2481430F0C80}.Debug|Any CPU.Build.0 = Debug|Any CPU
		{596869CA-3C5D-0487-F084-2481430F0C80}.Release|Any CPU.ActiveCfg = Release|Any CPU
		{596869CA-3C5D-0487-F084-2481430F0C80}.Release|Any CPU.Build.0 = Release|Any CPU
		{59D2485E-1595-C934-8959-00D2809F5A91}.Debug|Any CPU.ActiveCfg = Debug|Any CPU
		{59D2485E-1595-C934-8959-00D2809F5A91}.Debug|Any CPU.Build.0 = Debug|Any CPU
		{59D2485E-1595-C934-8959-00D2809F5A91}.Release|Any CPU.ActiveCfg = Release|Any CPU
		{59D2485E-1595-C934-8959-00D2809F5A91}.Release|Any CPU.Build.0 = Release|Any CPU
		{3BBA5E20-2A68-E78A-A5F8-3554D5247FDC}.Debug|Any CPU.ActiveCfg = Debug|Any CPU
		{3BBA5E20-2A68-E78A-A5F8-3554D5247FDC}.Debug|Any CPU.Build.0 = Debug|Any CPU
		{3BBA5E20-2A68-E78A-A5F8-3554D5247FDC}.Release|Any CPU.ActiveCfg = Release|Any CPU
		{3BBA5E20-2A68-E78A-A5F8-3554D5247FDC}.Release|Any CPU.Build.0 = Release|Any CPU
		{E449F228-153D-AE20-8B67-92106A88F35B}.Debug|Any CPU.ActiveCfg = Debug|Any CPU
		{E449F228-153D-AE20-8B67-92106A88F35B}.Debug|Any CPU.Build.0 = Debug|Any CPU
		{E449F228-153D-AE20-8B67-92106A88F35B}.Release|Any CPU.ActiveCfg = Release|Any CPU
		{E449F228-153D-AE20-8B67-92106A88F35B}.Release|Any CPU.Build.0 = Release|Any CPU
		{0C7D7BE8-2343-884C-97F8-C4EE81354315}.Debug|Any CPU.ActiveCfg = Debug|Any CPU
		{0C7D7BE8-2343-884C-97F8-C4EE81354315}.Debug|Any CPU.Build.0 = Debug|Any CPU
		{0C7D7BE8-2343-884C-97F8-C4EE81354315}.Release|Any CPU.ActiveCfg = Release|Any CPU
		{0C7D7BE8-2343-884C-97F8-C4EE81354315}.Release|Any CPU.Build.0 = Release|Any CPU
		{F201E49A-5BFF-FB3B-675C-12A431BA6869}.Debug|Any CPU.ActiveCfg = Debug|Any CPU
		{F201E49A-5BFF-FB3B-675C-12A431BA6869}.Debug|Any CPU.Build.0 = Debug|Any CPU
		{F201E49A-5BFF-FB3B-675C-12A431BA6869}.Release|Any CPU.ActiveCfg = Release|Any CPU
		{F201E49A-5BFF-FB3B-675C-12A431BA6869}.Release|Any CPU.Build.0 = Release|Any CPU
		{EB5A62C4-67A4-EC9C-7B78-6C86AD98F6F5}.Debug|Any CPU.ActiveCfg = Debug|Any CPU
		{EB5A62C4-67A4-EC9C-7B78-6C86AD98F6F5}.Debug|Any CPU.Build.0 = Debug|Any CPU
		{EB5A62C4-67A4-EC9C-7B78-6C86AD98F6F5}.Release|Any CPU.ActiveCfg = Release|Any CPU
		{EB5A62C4-67A4-EC9C-7B78-6C86AD98F6F5}.Release|Any CPU.Build.0 = Release|Any CPU
		{E1B47D92-8335-068B-8238-DA61357AEFF0}.Debug|Any CPU.ActiveCfg = Debug|Any CPU
		{E1B47D92-8335-068B-8238-DA61357AEFF0}.Debug|Any CPU.Build.0 = Debug|Any CPU
		{E1B47D92-8335-068B-8238-DA61357AEFF0}.Release|Any CPU.ActiveCfg = Release|Any CPU
		{E1B47D92-8335-068B-8238-DA61357AEFF0}.Release|Any CPU.Build.0 = Release|Any CPU
		{81B46DD1-DE1A-D275-FA5C-CE7BC2B4047D}.Debug|Any CPU.ActiveCfg = Debug|Any CPU
		{81B46DD1-DE1A-D275-FA5C-CE7BC2B4047D}.Debug|Any CPU.Build.0 = Debug|Any CPU
		{81B46DD1-DE1A-D275-FA5C-CE7BC2B4047D}.Release|Any CPU.ActiveCfg = Release|Any CPU
		{81B46DD1-DE1A-D275-FA5C-CE7BC2B4047D}.Release|Any CPU.Build.0 = Release|Any CPU
		{7B222A4F-13FE-A6AF-2584-F5F866CB14B0}.Debug|Any CPU.ActiveCfg = Debug|Any CPU
		{7B222A4F-13FE-A6AF-2584-F5F866CB14B0}.Debug|Any CPU.Build.0 = Debug|Any CPU
		{7B222A4F-13FE-A6AF-2584-F5F866CB14B0}.Release|Any CPU.ActiveCfg = Release|Any CPU
		{7B222A4F-13FE-A6AF-2584-F5F866CB14B0}.Release|Any CPU.Build.0 = Release|Any CPU
		{72C38E7D-F09F-1B9E-6270-4B6FAD4EE270}.Debug|Any CPU.ActiveCfg = Debug|Any CPU
		{72C38E7D-F09F-1B9E-6270-4B6FAD4EE270}.Debug|Any CPU.Build.0 = Debug|Any CPU
		{72C38E7D-F09F-1B9E-6270-4B6FAD4EE270}.Release|Any CPU.ActiveCfg = Release|Any CPU
		{72C38E7D-F09F-1B9E-6270-4B6FAD4EE270}.Release|Any CPU.Build.0 = Release|Any CPU
		{C9632A21-C3CA-2601-B1DC-64C6BB1E1642}.Debug|Any CPU.ActiveCfg = Debug|Any CPU
		{C9632A21-C3CA-2601-B1DC-64C6BB1E1642}.Debug|Any CPU.Build.0 = Debug|Any CPU
		{C9632A21-C3CA-2601-B1DC-64C6BB1E1642}.Release|Any CPU.ActiveCfg = Release|Any CPU
		{C9632A21-C3CA-2601-B1DC-64C6BB1E1642}.Release|Any CPU.Build.0 = Release|Any CPU
		{FFCB9973-B33C-72C0-C409-68BE865975F4}.Debug|Any CPU.ActiveCfg = Debug|Any CPU
		{FFCB9973-B33C-72C0-C409-68BE865975F4}.Debug|Any CPU.Build.0 = Debug|Any CPU
		{FFCB9973-B33C-72C0-C409-68BE865975F4}.Release|Any CPU.ActiveCfg = Release|Any CPU
		{FFCB9973-B33C-72C0-C409-68BE865975F4}.Release|Any CPU.Build.0 = Release|Any CPU
		{115E8E16-2977-31D8-20C3-AF92647DB9E8}.Debug|Any CPU.ActiveCfg = Debug|Any CPU
		{115E8E16-2977-31D8-20C3-AF92647DB9E8}.Debug|Any CPU.Build.0 = Debug|Any CPU
		{115E8E16-2977-31D8-20C3-AF92647DB9E8}.Release|Any CPU.ActiveCfg = Release|Any CPU
		{115E8E16-2977-31D8-20C3-AF92647DB9E8}.Release|Any CPU.Build.0 = Release|Any CPU
		{E2A4E5AF-518B-168F-0BB9-C5AE41E28ACF}.Debug|Any CPU.ActiveCfg = Debug|Any CPU
		{E2A4E5AF-518B-168F-0BB9-C5AE41E28ACF}.Debug|Any CPU.Build.0 = Debug|Any CPU
		{E2A4E5AF-518B-168F-0BB9-C5AE41E28ACF}.Release|Any CPU.ActiveCfg = Release|Any CPU
		{E2A4E5AF-518B-168F-0BB9-C5AE41E28ACF}.Release|Any CPU.Build.0 = Release|Any CPU
		{FD500144-92BF-B63C-87D2-2DDBB5E5ECA6}.Debug|Any CPU.ActiveCfg = Debug|Any CPU
		{FD500144-92BF-B63C-87D2-2DDBB5E5ECA6}.Debug|Any CPU.Build.0 = Debug|Any CPU
		{FD500144-92BF-B63C-87D2-2DDBB5E5ECA6}.Release|Any CPU.ActiveCfg = Release|Any CPU
		{FD500144-92BF-B63C-87D2-2DDBB5E5ECA6}.Release|Any CPU.Build.0 = Release|Any CPU
		{050AC362-6EDB-BA29-E895-4E29B3E2337A}.Debug|Any CPU.ActiveCfg = Debug|Any CPU
		{050AC362-6EDB-BA29-E895-4E29B3E2337A}.Debug|Any CPU.Build.0 = Debug|Any CPU
		{050AC362-6EDB-BA29-E895-4E29B3E2337A}.Release|Any CPU.ActiveCfg = Release|Any CPU
		{050AC362-6EDB-BA29-E895-4E29B3E2337A}.Release|Any CPU.Build.0 = Release|Any CPU
		{071A7773-7E0B-053A-7EDD-B1FACFBF851A}.Debug|Any CPU.ActiveCfg = Debug|Any CPU
		{071A7773-7E0B-053A-7EDD-B1FACFBF851A}.Debug|Any CPU.Build.0 = Debug|Any CPU
		{071A7773-7E0B-053A-7EDD-B1FACFBF851A}.Release|Any CPU.ActiveCfg = Release|Any CPU
		{071A7773-7E0B-053A-7EDD-B1FACFBF851A}.Release|Any CPU.Build.0 = Release|Any CPU
		{887DF4F0-79B8-FB25-1359-1EC70E182382}.Debug|Any CPU.ActiveCfg = Debug|Any CPU
		{887DF4F0-79B8-FB25-1359-1EC70E182382}.Debug|Any CPU.Build.0 = Debug|Any CPU
		{887DF4F0-79B8-FB25-1359-1EC70E182382}.Release|Any CPU.ActiveCfg = Release|Any CPU
		{887DF4F0-79B8-FB25-1359-1EC70E182382}.Release|Any CPU.Build.0 = Release|Any CPU
		{E9DFE4A4-3DBB-425A-A452-5537DCD53B0E}.Debug|Any CPU.ActiveCfg = Debug|Any CPU
		{E9DFE4A4-3DBB-425A-A452-5537DCD53B0E}.Debug|Any CPU.Build.0 = Debug|Any CPU
		{E9DFE4A4-3DBB-425A-A452-5537DCD53B0E}.Release|Any CPU.ActiveCfg = Release|Any CPU
		{E9DFE4A4-3DBB-425A-A452-5537DCD53B0E}.Release|Any CPU.Build.0 = Release|Any CPU
		{7733E5E9-E4AA-90F2-735A-C8FA8DA91411}.Debug|Any CPU.ActiveCfg = Debug|Any CPU
		{7733E5E9-E4AA-90F2-735A-C8FA8DA91411}.Debug|Any CPU.Build.0 = Debug|Any CPU
		{7733E5E9-E4AA-90F2-735A-C8FA8DA91411}.Release|Any CPU.ActiveCfg = Release|Any CPU
		{7733E5E9-E4AA-90F2-735A-C8FA8DA91411}.Release|Any CPU.Build.0 = Release|Any CPU
		{4AFC4279-292B-9750-6A26-A0D88DDC5A68}.Debug|Any CPU.ActiveCfg = Debug|Any CPU
		{4AFC4279-292B-9750-6A26-A0D88DDC5A68}.Debug|Any CPU.Build.0 = Debug|Any CPU
		{4AFC4279-292B-9750-6A26-A0D88DDC5A68}.Release|Any CPU.ActiveCfg = Release|Any CPU
		{4AFC4279-292B-9750-6A26-A0D88DDC5A68}.Release|Any CPU.Build.0 = Release|Any CPU
	EndGlobalSection
	GlobalSection(SolutionProperties) = preSolution
		HideSolutionNode = FALSE
	EndGlobalSection
EndGlobal
